
Microsoft Visual Studio Solution File, Format Version 12.00
# Visual Studio 2012
Project("{FAE04EC0-301F-11D3-BF4B-00C04F79EFBC}") = "Tests", "Tests\Tests.csproj", "{24682FC8-3D62-437B-BD49-DE16D40361E7}"
EndProject
Project("{FAE04EC0-301F-11D3-BF4B-00C04F79EFBC}") = "FizzBuzz", "FizzBuzz\FizzBuzz.csproj", "{8948A4C2-7BD0-4C5F-9B40-EEFD91737934}"
EndProject
Global
	GlobalSection(SolutionConfigurationPlatforms) = preSolution
		Debug|Any CPU = Debug|Any CPU
		Release|Any CPU = Release|Any CPU
	EndGlobalSection
	GlobalSection(ProjectConfigurationPlatforms) = postSolution
		{24682FC8-3D62-437B-BD49-DE16D40361E7}.Debug|Any CPU.ActiveCfg = Debug|Any CPU
		{24682FC8-3D62-437B-BD49-DE16D40361E7}.Debug|Any CPU.Build.0 = Debug|Any CPU
		{24682FC8-3D62-437B-BD49-DE16D40361E7}.Release|Any CPU.ActiveCfg = Release|Any CPU
		{24682FC8-3D62-437B-BD49-DE16D40361E7}.Release|Any CPU.Build.0 = Release|Any CPU
		{8948A4C2-7BD0-4C5F-9B40-EEFD91737934}.Debug|Any CPU.ActiveCfg = Debug|Any CPU
		{8948A4C2-7BD0-4C5F-9B40-EEFD91737934}.Debug|Any CPU.Build.0 = Debug|Any CPU
		{8948A4C2-7BD0-4C5F-9B40-EEFD91737934}.Release|Any CPU.ActiveCfg = Release|Any CPU
		{8948A4C2-7BD0-4C5F-9B40-EEFD91737934}.Release|Any CPU.Build.0 = Release|Any CPU
	EndGlobalSection
	GlobalSection(SolutionProperties) = preSolution
		HideSolutionNode = FALSE
	EndGlobalSection
EndGlobal
